// !$*UTF8*$!
{
	archiveVersion = 1;
	classes = {
	};
	objectVersion = 50;
	objects = {

/* Begin PBXBuildFile section */
		80A3A62D21C1DB72009EDEFD /* AppDelegate.swift in Sources */ = {isa = PBXBuildFile; fileRef = 80A3A62C21C1DB72009EDEFD /* AppDelegate.swift */; };
		80A3A62F21C1DB72009EDEFD /* ViewController.swift in Sources */ = {isa = PBXBuildFile; fileRef = 80A3A62E21C1DB72009EDEFD /* ViewController.swift */; };
		80A3A63221C1DB72009EDEFD /* Main.storyboard in Resources */ = {isa = PBXBuildFile; fileRef = 80A3A63021C1DB72009EDEFD /* Main.storyboard */; };
		80A3A63421C1DB74009EDEFD /* Assets.xcassets in Resources */ = {isa = PBXBuildFile; fileRef = 80A3A63321C1DB74009EDEFD /* Assets.xcassets */; };
		80A3A63721C1DB74009EDEFD /* LaunchScreen.storyboard in Resources */ = {isa = PBXBuildFile; fileRef = 80A3A63521C1DB74009EDEFD /* LaunchScreen.storyboard */; };
		80A3A64221C1DB74009EDEFD /* kotlin_native_playgroundTests.swift in Sources */ = {isa = PBXBuildFile; fileRef = 80A3A64121C1DB74009EDEFD /* kotlin_native_playgroundTests.swift */; };
		80A3A64D21C1DB74009EDEFD /* kotlin_native_playgroundUITests.swift in Sources */ = {isa = PBXBuildFile; fileRef = 80A3A64C21C1DB74009EDEFD /* kotlin_native_playgroundUITests.swift */; };
		80A3A65B21C1DE50009EDEFD /* SharedCode.framework in Frameworks */ = {isa = PBXBuildFile; fileRef = 80A3A65A21C1DE50009EDEFD /* SharedCode.framework */; };
		80A3A65C21C1DE50009EDEFD /* SharedCode.framework in Embed Frameworks */ = {isa = PBXBuildFile; fileRef = 80A3A65A21C1DE50009EDEFD /* SharedCode.framework */; settings = {ATTRIBUTES = (CodeSignOnCopy, RemoveHeadersOnCopy, ); }; };
/* End PBXBuildFile section */

/* Begin PBXContainerItemProxy section */
		80A3A63E21C1DB74009EDEFD /* PBXContainerItemProxy */ = {
			isa = PBXContainerItemProxy;
			containerPortal = 80A3A62121C1DB72009EDEFD /* Project object */;
			proxyType = 1;
			remoteGlobalIDString = 80A3A62821C1DB72009EDEFD;
			remoteInfo = kotlin_native_playground;
		};
		80A3A64921C1DB74009EDEFD /* PBXContainerItemProxy */ = {
			isa = PBXContainerItemProxy;
			containerPortal = 80A3A62121C1DB72009EDEFD /* Project object */;
			proxyType = 1;
			remoteGlobalIDString = 80A3A62821C1DB72009EDEFD;
			remoteInfo = kotlin_native_playground;
		};
/* End PBXContainerItemProxy section */

/* Begin PBXCopyFilesBuildPhase section */
		80A3A65D21C1DE50009EDEFD /* Embed Frameworks */ = {
			isa = PBXCopyFilesBuildPhase;
			buildActionMask = 2147483647;
			dstPath = "";
			dstSubfolderSpec = 10;
			files = (
				80A3A65C21C1DE50009EDEFD /* SharedCode.framework in Embed Frameworks */,
			);
			name = "Embed Frameworks";
			runOnlyForDeploymentPostprocessing = 0;
		};
/* End PBXCopyFilesBuildPhase section */

/* Begin PBXFileReference section */
		80A3A62921C1DB72009EDEFD /* kotlin_native_playground.app */ = {isa = PBXFileReference; explicitFileType = wrapper.application; includeInIndex = 0; path = kotlin_native_playground.app; sourceTree = BUILT_PRODUCTS_DIR; };
		80A3A62C21C1DB72009EDEFD /* AppDelegate.swift */ = {isa = PBXFileReference; lastKnownFileType = sourcecode.swift; path = AppDelegate.swift; sourceTree = "<group>"; };
		80A3A62E21C1DB72009EDEFD /* ViewController.swift */ = {isa = PBXFileReference; lastKnownFileType = sourcecode.swift; path = ViewController.swift; sourceTree = "<group>"; };
		80A3A63121C1DB72009EDEFD /* Base */ = {isa = PBXFileReference; lastKnownFileType = file.storyboard; name = Base; path = Base.lproj/Main.storyboard; sourceTree = "<group>"; };
		80A3A63321C1DB74009EDEFD /* Assets.xcassets */ = {isa = PBXFileReference; lastKnownFileType = folder.assetcatalog; path = Assets.xcassets; sourceTree = "<group>"; };
		80A3A63621C1DB74009EDEFD /* Base */ = {isa = PBXFileReference; lastKnownFileType = file.storyboard; name = Base; path = Base.lproj/LaunchScreen.storyboard; sourceTree = "<group>"; };
		80A3A63821C1DB74009EDEFD /* Info.plist */ = {isa = PBXFileReference; lastKnownFileType = text.plist.xml; path = Info.plist; sourceTree = "<group>"; };
		80A3A63D21C1DB74009EDEFD /* kotlin_native_playgroundTests.xctest */ = {isa = PBXFileReference; explicitFileType = wrapper.cfbundle; includeInIndex = 0; path = kotlin_native_playgroundTests.xctest; sourceTree = BUILT_PRODUCTS_DIR; };
		80A3A64121C1DB74009EDEFD /* kotlin_native_playgroundTests.swift */ = {isa = PBXFileReference; lastKnownFileType = sourcecode.swift; path = kotlin_native_playgroundTests.swift; sourceTree = "<group>"; };
		80A3A64321C1DB74009EDEFD /* Info.plist */ = {isa = PBXFileReference; lastKnownFileType = text.plist.xml; path = Info.plist; sourceTree = "<group>"; };
		80A3A64821C1DB74009EDEFD /* kotlin_native_playgroundUITests.xctest */ = {isa = PBXFileReference; explicitFileType = wrapper.cfbundle; includeInIndex = 0; path = kotlin_native_playgroundUITests.xctest; sourceTree = BUILT_PRODUCTS_DIR; };
		80A3A64C21C1DB74009EDEFD /* kotlin_native_playgroundUITests.swift */ = {isa = PBXFileReference; lastKnownFileType = sourcecode.swift; path = kotlin_native_playgroundUITests.swift; sourceTree = "<group>"; };
		80A3A64E21C1DB74009EDEFD /* Info.plist */ = {isa = PBXFileReference; lastKnownFileType = text.plist.xml; path = Info.plist; sourceTree = "<group>"; };
		80A3A65A21C1DE50009EDEFD /* SharedCode.framework */ = {isa = PBXFileReference; lastKnownFileType = wrapper.framework; name = SharedCode.framework; path = "../../SharedCode/build/xcode-frameworks/SharedCode.framework"; sourceTree = "<group>"; };
/* End PBXFileReference section */

/* Begin PBXFrameworksBuildPhase section */
		80A3A62621C1DB72009EDEFD /* Frameworks */ = {
			isa = PBXFrameworksBuildPhase;
			buildActionMask = 2147483647;
			files = (
				80A3A65B21C1DE50009EDEFD /* SharedCode.framework in Frameworks */,
			);
			runOnlyForDeploymentPostprocessing = 0;
		};
		80A3A63A21C1DB74009EDEFD /* Frameworks */ = {
			isa = PBXFrameworksBuildPhase;
			buildActionMask = 2147483647;
			files = (
			);
			runOnlyForDeploymentPostprocessing = 0;
		};
		80A3A64521C1DB74009EDEFD /* Frameworks */ = {
			isa = PBXFrameworksBuildPhase;
			buildActionMask = 2147483647;
			files = (
			);
			runOnlyForDeploymentPostprocessing = 0;
		};
/* End PBXFrameworksBuildPhase section */

/* Begin PBXGroup section */
		80A3A62021C1DB72009EDEFD = {
			isa = PBXGroup;
			children = (
				80A3A65A21C1DE50009EDEFD /* SharedCode.framework */,
				80A3A62B21C1DB72009EDEFD /* kotlin_native_playground */,
				80A3A64021C1DB74009EDEFD /* kotlin_native_playgroundTests */,
				80A3A64B21C1DB74009EDEFD /* kotlin_native_playgroundUITests */,
				80A3A62A21C1DB72009EDEFD /* Products */,
			);
			sourceTree = "<group>";
		};
		80A3A62A21C1DB72009EDEFD /* Products */ = {
			isa = PBXGroup;
			children = (
				80A3A62921C1DB72009EDEFD /* kotlin_native_playground.app */,
				80A3A63D21C1DB74009EDEFD /* kotlin_native_playgroundTests.xctest */,
				80A3A64821C1DB74009EDEFD /* kotlin_native_playgroundUITests.xctest */,
			);
			name = Products;
			sourceTree = "<group>";
		};
		80A3A62B21C1DB72009EDEFD /* kotlin_native_playground */ = {
			isa = PBXGroup;
			children = (
				80A3A62C21C1DB72009EDEFD /* AppDelegate.swift */,
				80A3A62E21C1DB72009EDEFD /* ViewController.swift */,
				80A3A63021C1DB72009EDEFD /* Main.storyboard */,
				80A3A63321C1DB74009EDEFD /* Assets.xcassets */,
				80A3A63521C1DB74009EDEFD /* LaunchScreen.storyboard */,
				80A3A63821C1DB74009EDEFD /* Info.plist */,
			);
			path = kotlin_native_playground;
			sourceTree = "<group>";
		};
		80A3A64021C1DB74009EDEFD /* kotlin_native_playgroundTests */ = {
			isa = PBXGroup;
			children = (
				80A3A64121C1DB74009EDEFD /* kotlin_native_playgroundTests.swift */,
				80A3A64321C1DB74009EDEFD /* Info.plist */,
			);
			path = kotlin_native_playgroundTests;
			sourceTree = "<group>";
		};
		80A3A64B21C1DB74009EDEFD /* kotlin_native_playgroundUITests */ = {
			isa = PBXGroup;
			children = (
				80A3A64C21C1DB74009EDEFD /* kotlin_native_playgroundUITests.swift */,
				80A3A64E21C1DB74009EDEFD /* Info.plist */,
			);
			path = kotlin_native_playgroundUITests;
			sourceTree = "<group>";
		};
/* End PBXGroup section */

/* Begin PBXNativeTarget section */
		80A3A62821C1DB72009EDEFD /* kotlin_native_playground */ = {
			isa = PBXNativeTarget;
			buildConfigurationList = 80A3A65121C1DB74009EDEFD /* Build configuration list for PBXNativeTarget "kotlin_native_playground" */;
			buildPhases = (
				80A3A65E21C1DF03009EDEFD /* ShellScript */,
				80A3A62521C1DB72009EDEFD /* Sources */,
				80A3A62621C1DB72009EDEFD /* Frameworks */,
				80A3A62721C1DB72009EDEFD /* Resources */,
				80A3A65D21C1DE50009EDEFD /* Embed Frameworks */,
			);
			buildRules = (
			);
			dependencies = (
			);
			name = kotlin_native_playground;
			productName = kotlin_native_playground;
			productReference = 80A3A62921C1DB72009EDEFD /* kotlin_native_playground.app */;
			productType = "com.apple.product-type.application";
		};
		80A3A63C21C1DB74009EDEFD /* kotlin_native_playgroundTests */ = {
			isa = PBXNativeTarget;
			buildConfigurationList = 80A3A65421C1DB74009EDEFD /* Build configuration list for PBXNativeTarget "kotlin_native_playgroundTests" */;
			buildPhases = (
				80A3A63921C1DB74009EDEFD /* Sources */,
				80A3A63A21C1DB74009EDEFD /* Frameworks */,
				80A3A63B21C1DB74009EDEFD /* Resources */,
			);
			buildRules = (
			);
			dependencies = (
				80A3A63F21C1DB74009EDEFD /* PBXTargetDependency */,
			);
			name = kotlin_native_playgroundTests;
			productName = kotlin_native_playgroundTests;
			productReference = 80A3A63D21C1DB74009EDEFD /* kotlin_native_playgroundTests.xctest */;
			productType = "com.apple.product-type.bundle.unit-test";
		};
		80A3A64721C1DB74009EDEFD /* kotlin_native_playgroundUITests */ = {
			isa = PBXNativeTarget;
			buildConfigurationList = 80A3A65721C1DB74009EDEFD /* Build configuration list for PBXNativeTarget "kotlin_native_playgroundUITests" */;
			buildPhases = (
				80A3A64421C1DB74009EDEFD /* Sources */,
				80A3A64521C1DB74009EDEFD /* Frameworks */,
				80A3A64621C1DB74009EDEFD /* Resources */,
			);
			buildRules = (
			);
			dependencies = (
				80A3A64A21C1DB74009EDEFD /* PBXTargetDependency */,
			);
			name = kotlin_native_playgroundUITests;
			productName = kotlin_native_playgroundUITests;
			productReference = 80A3A64821C1DB74009EDEFD /* kotlin_native_playgroundUITests.xctest */;
			productType = "com.apple.product-type.bundle.ui-testing";
		};
/* End PBXNativeTarget section */

/* Begin PBXProject section */
		80A3A62121C1DB72009EDEFD /* Project object */ = {
			isa = PBXProject;
			attributes = {
				LastSwiftUpdateCheck = 0940;
				LastUpgradeCheck = 0940;
				ORGANIZATIONNAME = YoshiyaKaneko;
				TargetAttributes = {
					80A3A62821C1DB72009EDEFD = {
						CreatedOnToolsVersion = 9.4.1;
					};
					80A3A63C21C1DB74009EDEFD = {
						CreatedOnToolsVersion = 9.4.1;
						TestTargetID = 80A3A62821C1DB72009EDEFD;
					};
					80A3A64721C1DB74009EDEFD = {
						CreatedOnToolsVersion = 9.4.1;
						TestTargetID = 80A3A62821C1DB72009EDEFD;
					};
				};
			};
			buildConfigurationList = 80A3A62421C1DB72009EDEFD /* Build configuration list for PBXProject "kotlin_native_playground" */;
			compatibilityVersion = "Xcode 9.3";
			developmentRegion = en;
			hasScannedForEncodings = 0;
			knownRegions = (
				en,
				Base,
			);
			mainGroup = 80A3A62021C1DB72009EDEFD;
			productRefGroup = 80A3A62A21C1DB72009EDEFD /* Products */;
			projectDirPath = "";
			projectRoot = "";
			targets = (
				80A3A62821C1DB72009EDEFD /* kotlin_native_playground */,
				80A3A63C21C1DB74009EDEFD /* kotlin_native_playgroundTests */,
				80A3A64721C1DB74009EDEFD /* kotlin_native_playgroundUITests */,
			);
		};
/* End PBXProject section */

/* Begin PBXResourcesBuildPhase section */
		80A3A62721C1DB72009EDEFD /* Resources */ = {
			isa = PBXResourcesBuildPhase;
			buildActionMask = 2147483647;
			files = (
				80A3A63721C1DB74009EDEFD /* LaunchScreen.storyboard in Resources */,
				80A3A63421C1DB74009EDEFD /* Assets.xcassets in Resources */,
				80A3A63221C1DB72009EDEFD /* Main.storyboard in Resources */,
			);
			runOnlyForDeploymentPostprocessing = 0;
		};
		80A3A63B21C1DB74009EDEFD /* Resources */ = {
			isa = PBXResourcesBuildPhase;
			buildActionMask = 2147483647;
			files = (
			);
			runOnlyForDeploymentPostprocessing = 0;
		};
		80A3A64621C1DB74009EDEFD /* Resources */ = {
			isa = PBXResourcesBuildPhase;
			buildActionMask = 2147483647;
			files = (
			);
			runOnlyForDeploymentPostprocessing = 0;
		};
/* End PBXResourcesBuildPhase section */

/* Begin PBXShellScriptBuildPhase section */
		80A3A65E21C1DF03009EDEFD /* ShellScript */ = {
			isa = PBXShellScriptBuildPhase;
			buildActionMask = 2147483647;
			files = (
			);
			inputPaths = (
			);
			outputPaths = (
			);
			runOnlyForDeploymentPostprocessing = 0;
			shellPath = /bin/sh;
			shellScript = "cd \"$SRCROOT/../../SharedCode/build/xcode-frameworks\"\n./gradlew :SharedCode:packForXCode -PXCODE_CONFIGURATION=${CONFIGURATION}";
		};
/* End PBXShellScriptBuildPhase section */

/* Begin PBXSourcesBuildPhase section */
		80A3A62521C1DB72009EDEFD /* Sources */ = {
			isa = PBXSourcesBuildPhase;
			buildActionMask = 2147483647;
			files = (
				80A3A62F21C1DB72009EDEFD /* ViewController.swift in Sources */,
				80A3A62D21C1DB72009EDEFD /* AppDelegate.swift in Sources */,
			);
			runOnlyForDeploymentPostprocessing = 0;
		};
		80A3A63921C1DB74009EDEFD /* Sources */ = {
			isa = PBXSourcesBuildPhase;
			buildActionMask = 2147483647;
			files = (
				80A3A64221C1DB74009EDEFD /* kotlin_native_playgroundTests.swift in Sources */,
			);
			runOnlyForDeploymentPostprocessing = 0;
		};
		80A3A64421C1DB74009EDEFD /* Sources */ = {
			isa = PBXSourcesBuildPhase;
			buildActionMask = 2147483647;
			files = (
				80A3A64D21C1DB74009EDEFD /* kotlin_native_playgroundUITests.swift in Sources */,
			);
			runOnlyForDeploymentPostprocessing = 0;
		};
/* End PBXSourcesBuildPhase section */

/* Begin PBXTargetDependency section */
		80A3A63F21C1DB74009EDEFD /* PBXTargetDependency */ = {
			isa = PBXTargetDependency;
			target = 80A3A62821C1DB72009EDEFD /* kotlin_native_playground */;
			targetProxy = 80A3A63E21C1DB74009EDEFD /* PBXContainerItemProxy */;
		};
		80A3A64A21C1DB74009EDEFD /* PBXTargetDependency */ = {
			isa = PBXTargetDependency;
			target = 80A3A62821C1DB72009EDEFD /* kotlin_native_playground */;
			targetProxy = 80A3A64921C1DB74009EDEFD /* PBXContainerItemProxy */;
		};
/* End PBXTargetDependency section */

/* Begin PBXVariantGroup section */
		80A3A63021C1DB72009EDEFD /* Main.storyboard */ = {
			isa = PBXVariantGroup;
			children = (
				80A3A63121C1DB72009EDEFD /* Base */,
			);
			name = Main.storyboard;
			sourceTree = "<group>";
		};
		80A3A63521C1DB74009EDEFD /* LaunchScreen.storyboard */ = {
			isa = PBXVariantGroup;
			children = (
				80A3A63621C1DB74009EDEFD /* Base */,
			);
			name = LaunchScreen.storyboard;
			sourceTree = "<group>";
		};
/* End PBXVariantGroup section */

/* Begin XCBuildConfiguration section */
		80A3A64F21C1DB74009EDEFD /* Debug */ = {
			isa = XCBuildConfiguration;
			buildSettings = {
				ALWAYS_SEARCH_USER_PATHS = NO;
				CLANG_ANALYZER_NONNULL = YES;
				CLANG_ANALYZER_NUMBER_OBJECT_CONVERSION = YES_AGGRESSIVE;
				CLANG_CXX_LANGUAGE_STANDARD = "gnu++14";
				CLANG_CXX_LIBRARY = "libc++";
				CLANG_ENABLE_MODULES = YES;
				CLANG_ENABLE_OBJC_ARC = YES;
				CLANG_ENABLE_OBJC_WEAK = YES;
				CLANG_WARN_BLOCK_CAPTURE_AUTORELEASING = YES;
				CLANG_WARN_BOOL_CONVERSION = YES;
				CLANG_WARN_COMMA = YES;
				CLANG_WARN_CONSTANT_CONVERSION = YES;
				CLANG_WARN_DEPRECATED_OBJC_IMPLEMENTATIONS = YES;
				CLANG_WARN_DIRECT_OBJC_ISA_USAGE = YES_ERROR;
				CLANG_WARN_DOCUMENTATION_COMMENTS = YES;
				CLANG_WARN_EMPTY_BODY = YES;
				CLANG_WARN_ENUM_CONVERSION = YES;
				CLANG_WARN_INFINITE_RECURSION = YES;
				CLANG_WARN_INT_CONVERSION = YES;
				CLANG_WARN_NON_LITERAL_NULL_CONVERSION = YES;
				CLANG_WARN_OBJC_IMPLICIT_RETAIN_SELF = YES;
				CLANG_WARN_OBJC_LITERAL_CONVERSION = YES;
				CLANG_WARN_OBJC_ROOT_CLASS = YES_ERROR;
				CLANG_WARN_RANGE_LOOP_ANALYSIS = YES;
				CLANG_WARN_STRICT_PROTOTYPES = YES;
				CLANG_WARN_SUSPICIOUS_MOVE = YES;
				CLANG_WARN_UNGUARDED_AVAILABILITY = YES_AGGRESSIVE;
				CLANG_WARN_UNREACHABLE_CODE = YES;
				CLANG_WARN__DUPLICATE_METHOD_MATCH = YES;
				CODE_SIGN_IDENTITY = "iPhone Developer";
				COPY_PHASE_STRIP = NO;
				DEBUG_INFORMATION_FORMAT = dwarf;
				ENABLE_STRICT_OBJC_MSGSEND = YES;
				ENABLE_TESTABILITY = YES;
				GCC_C_LANGUAGE_STANDARD = gnu11;
				GCC_DYNAMIC_NO_PIC = NO;
				GCC_NO_COMMON_BLOCKS = YES;
				GCC_OPTIMIZATION_LEVEL = 0;
				GCC_PREPROCESSOR_DEFINITIONS = (
					"DEBUG=1",
					"$(inherited)",
				);
				GCC_WARN_64_TO_32_BIT_CONVERSION = YES;
				GCC_WARN_ABOUT_RETURN_TYPE = YES_ERROR;
				GCC_WARN_UNDECLARED_SELECTOR = YES;
				GCC_WARN_UNINITIALIZED_AUTOS = YES_AGGRESSIVE;
				GCC_WARN_UNUSED_FUNCTION = YES;
				GCC_WARN_UNUSED_VARIABLE = YES;
				IPHONEOS_DEPLOYMENT_TARGET = 11.4;
				MTL_ENABLE_DEBUG_INFO = YES;
				ONLY_ACTIVE_ARCH = YES;
				SDKROOT = iphoneos;
				SWIFT_ACTIVE_COMPILATION_CONDITIONS = DEBUG;
				SWIFT_OPTIMIZATION_LEVEL = "-Onone";
			};
			name = Debug;
		};
		80A3A65021C1DB74009EDEFD /* Release */ = {
			isa = XCBuildConfiguration;
			buildSettings = {
				ALWAYS_SEARCH_USER_PATHS = NO;
				CLANG_ANALYZER_NONNULL = YES;
				CLANG_ANALYZER_NUMBER_OBJECT_CONVERSION = YES_AGGRESSIVE;
				CLANG_CXX_LANGUAGE_STANDARD = "gnu++14";
				CLANG_CXX_LIBRARY = "libc++";
				CLANG_ENABLE_MODULES = YES;
				CLANG_ENABLE_OBJC_ARC = YES;
				CLANG_ENABLE_OBJC_WEAK = YES;
				CLANG_WARN_BLOCK_CAPTURE_AUTORELEASING = YES;
				CLANG_WARN_BOOL_CONVERSION = YES;
				CLANG_WARN_COMMA = YES;
				CLANG_WARN_CONSTANT_CONVERSION = YES;
				CLANG_WARN_DEPRECATED_OBJC_IMPLEMENTATIONS = YES;
				CLANG_WARN_DIRECT_OBJC_ISA_USAGE = YES_ERROR;
				CLANG_WARN_DOCUMENTATION_COMMENTS = YES;
				CLANG_WARN_EMPTY_BODY = YES;
				CLANG_WARN_ENUM_CONVERSION = YES;
				CLANG_WARN_INFINITE_RECURSION = YES;
				CLANG_WARN_INT_CONVERSION = YES;
				CLANG_WARN_NON_LITERAL_NULL_CONVERSION = YES;
				CLANG_WARN_OBJC_IMPLICIT_RETAIN_SELF = YES;
				CLANG_WARN_OBJC_LITERAL_CONVERSION = YES;
				CLANG_WARN_OBJC_ROOT_CLASS = YES_ERROR;
				CLANG_WARN_RANGE_LOOP_ANALYSIS = YES;
				CLANG_WARN_STRICT_PROTOTYPES = YES;
				CLANG_WARN_SUSPICIOUS_MOVE = YES;
				CLANG_WARN_UNGUARDED_AVAILABILITY = YES_AGGRESSIVE;
				CLANG_WARN_UNREACHABLE_CODE = YES;
				CLANG_WARN__DUPLICATE_METHOD_MATCH = YES;
				CODE_SIGN_IDENTITY = "iPhone Developer";
				COPY_PHASE_STRIP = NO;
				DEBUG_INFORMATION_FORMAT = "dwarf-with-dsym";
				ENABLE_NS_ASSERTIONS = NO;
				ENABLE_STRICT_OBJC_MSGSEND = YES;
				GCC_C_LANGUAGE_STANDARD = gnu11;
				GCC_NO_COMMON_BLOCKS = YES;
				GCC_WARN_64_TO_32_BIT_CONVERSION = YES;
				GCC_WARN_ABOUT_RETURN_TYPE = YES_ERROR;
				GCC_WARN_UNDECLARED_SELECTOR = YES;
				GCC_WARN_UNINITIALIZED_AUTOS = YES_AGGRESSIVE;
				GCC_WARN_UNUSED_FUNCTION = YES;
				GCC_WARN_UNUSED_VARIABLE = YES;
				IPHONEOS_DEPLOYMENT_TARGET = 11.4;
				MTL_ENABLE_DEBUG_INFO = NO;
				SDKROOT = iphoneos;
				SWIFT_COMPILATION_MODE = wholemodule;
				SWIFT_OPTIMIZATION_LEVEL = "-O";
				VALIDATE_PRODUCT = YES;
			};
			name = Release;
		};
		80A3A65221C1DB74009EDEFD /* Debug */ = {
			isa = XCBuildConfiguration;
			buildSettings = {
				ASSETCATALOG_COMPILER_APPICON_NAME = AppIcon;
				CODE_SIGN_STYLE = Automatic;
				DEVELOPMENT_TEAM = MJBGUAB575;
				ENABLE_BITCODE = NO;
				FRAMEWORK_SEARCH_PATHS = "$(SRCROOT)/../../SharedCode/build/xcode-frameworks";
				INFOPLIST_FILE = kotlin_native_playground/Info.plist;
				LD_RUNPATH_SEARCH_PATHS = (
					"$(inherited)",
					"@executable_path/Frameworks",
				);
				PRODUCT_BUNDLE_IDENTIFIER = "com.ky-proj.kotlin-native-playground";
				PRODUCT_NAME = "$(TARGET_NAME)";
				SWIFT_VERSION = 4.0;
				TARGETED_DEVICE_FAMILY = "1,2";
			};
			name = Debug;
		};
		80A3A65321C1DB74009EDEFD /* Release */ = {
			isa = XCBuildConfiguration;
			buildSettings = {
				ASSETCATALOG_COMPILER_APPICON_NAME = AppIcon;
				CODE_SIGN_STYLE = Automatic;
				DEVELOPMENT_TEAM = MJBGUAB575;
				ENABLE_BITCODE = NO;
				FRAMEWORK_SEARCH_PATHS = "$(SRCROOT)/../../SharedCode/build/xcode-frameworks";
				INFOPLIST_FILE = kotlin_native_playground/Info.plist;
				LD_RUNPATH_SEARCH_PATHS = (
					"$(inherited)",
					"@executable_path/Frameworks",
				);
				PRODUCT_BUNDLE_IDENTIFIER = "com.ky-proj.kotlin-native-playground";
				PRODUCT_NAME = "$(TARGET_NAME)";
				SWIFT_VERSION = 4.0;
				TARGETED_DEVICE_FAMILY = "1,2";
			};
			name = Release;
		};
		80A3A65521C1DB74009EDEFD /* Debug */ = {
			isa = XCBuildConfiguration;
			buildSettings = {
				ALWAYS_EMBED_SWIFT_STANDARD_LIBRARIES = YES;
				BUNDLE_LOADER = "$(TEST_HOST)";
				CODE_SIGN_STYLE = Automatic;
				DEVELOPMENT_TEAM = MJBGUAB575;
				INFOPLIST_FILE = kotlin_native_playgroundTests/Info.plist;
				LD_RUNPATH_SEARCH_PATHS = (
					"$(inherited)",
					"@executable_path/Frameworks",
					"@loader_path/Frameworks",
				);
				PRODUCT_BUNDLE_IDENTIFIER = "com.ky-proj.kotlin-native-playgroundTests";
				PRODUCT_NAME = "$(TARGET_NAME)";
				SWIFT_VERSION = 4.0;
				TARGETED_DEVICE_FAMILY = "1,2";
				TEST_HOST = "$(BUILT_PRODUCTS_DIR)/kotlin_native_playground.app/kotlin_native_playground";
			};
			name = Debug;
		};
		80A3A65621C1DB74009EDEFD /* Release */ = {
			isa = XCBuildConfiguration;
			buildSettings = {
				ALWAYS_EMBED_SWIFT_STANDARD_LIBRARIES = YES;
				BUNDLE_LOADER = "$(TEST_HOST)";
				CODE_SIGN_STYLE = Automatic;
				DEVELOPMENT_TEAM = MJBGUAB575;
				INFOPLIST_FILE = kotlin_native_playgroundTests/Info.plist;
				LD_RUNPATH_SEARCH_PATHS = (
					"$(inherited)",
					"@executable_path/Frameworks",
					"@loader_path/Frameworks",
				);
				PRODUCT_BUNDLE_IDENTIFIER = "com.ky-proj.kotlin-native-playgroundTests";
				PRODUCT_NAME = "$(TARGET_NAME)";
				SWIFT_VERSION = 4.0;
				TARGETED_DEVICE_FAMILY = "1,2";
				TEST_HOST = "$(BUILT_PRODUCTS_DIR)/kotlin_native_playground.app/kotlin_native_playground";
			};
			name = Release;
		};
		80A3A65821C1DB74009EDEFD /* Debug */ = {
			isa = XCBuildConfiguration;
			buildSettings = {
				ALWAYS_EMBED_SWIFT_STANDARD_LIBRARIES = YES;
				CODE_SIGN_STYLE = Automatic;
				DEVELOPMENT_TEAM = MJBGUAB575;
				INFOPLIST_FILE = kotlin_native_playgroundUITests/Info.plist;
				LD_RUNPATH_SEARCH_PATHS = (
					"$(inherited)",
					"@executable_path/Frameworks",
					"@loader_path/Frameworks",
				);
				PRODUCT_BUNDLE_IDENTIFIER = "com.ky-proj.kotlin-native-playgroundUITests";
				PRODUCT_NAME = "$(TARGET_NAME)";
				SWIFT_VERSION = 4.0;
				TARGETED_DEVICE_FAMILY = "1,2";
				TEST_TARGET_NAME = kotlin_native_playground;
			};
			name = Debug;
		};
		80A3A65921C1DB74009EDEFD /* Release */ = {
			isa = XCBuildConfiguration;
			buildSettings = {
				ALWAYS_EMBED_SWIFT_STANDARD_LIBRARIES = YES;
				CODE_SIGN_STYLE = Automatic;
				DEVELOPMENT_TEAM = MJBGUAB575;
				INFOPLIST_FILE = kotlin_native_playgroundUITests/Info.plist;
				LD_RUNPATH_SEARCH_PATHS = (
					"$(inherited)",
					"@executable_path/Frameworks",
					"@loader_path/Frameworks",
				);
				PRODUCT_BUNDLE_IDENTIFIER = "com.ky-proj.kotlin-native-playgroundUITests";
				PRODUCT_NAME = "$(TARGET_NAME)";
				SWIFT_VERSION = 4.0;
				TARGETED_DEVICE_FAMILY = "1,2";
				TEST_TARGET_NAME = kotlin_native_playground;
			};
			name = Release;
		};
/* End XCBuildConfiguration section */

/* Begin XCConfigurationList section */
		80A3A62421C1DB72009EDEFD /* Build configuration list for PBXProject "kotlin_native_playground" */ = {
			isa = XCConfigurationList;
			buildConfigurations = (
				80A3A64F21C1DB74009EDEFD /* Debug */,
				80A3A65021C1DB74009EDEFD /* Release */,
			);
			defaultConfigurationIsVisible = 0;
			defaultConfigurationName = Release;
		};
		80A3A65121C1DB74009EDEFD /* Build configuration list for PBXNativeTarget "kotlin_native_playground" */ = {
			isa = XCConfigurationList;
			buildConfigurations = (
				80A3A65221C1DB74009EDEFD /* Debug */,
				80A3A65321C1DB74009EDEFD /* Release */,
			);
			defaultConfigurationIsVisible = 0;
			defaultConfigurationName = Release;
		};
		80A3A65421C1DB74009EDEFD /* Build configuration list for PBXNativeTarget "kotlin_native_playgroundTests" */ = {
			isa = XCConfigurationList;
			buildConfigurations = (
				80A3A65521C1DB74009EDEFD /* Debug */,
				80A3A65621C1DB74009EDEFD /* Release */,
			);
			defaultConfigurationIsVisible = 0;
			defaultConfigurationName = Release;
		};
		80A3A65721C1DB74009EDEFD /* Build configuration list for PBXNativeTarget "kotlin_native_playgroundUITests" */ = {
			isa = XCConfigurationList;
			buildConfigurations = (
				80A3A65821C1DB74009EDEFD /* Debug */,
				80A3A65921C1DB74009EDEFD /* Release */,
			);
			defaultConfigurationIsVisible = 0;
			defaultConfigurationName = Release;
		};
/* End XCConfigurationList section */
	};
	rootObject = 80A3A62121C1DB72009EDEFD /* Project object */;
}
